
Microsoft Visual Studio Solution File, Format Version 12.00
# Visual Studio Version 17
VisualStudioVersion = 17.8.34408.163
MinimumVisualStudioVersion = 10.0.40219.1
Project("{FAE04EC0-301F-11D3-BF4B-00C04F79EFBC}") = "Composicao2", "Composicao2\Composicao2.csproj", "{8E951910-EB11-404D-9E6A-98316F713922}"
EndProject
Global
	GlobalSection(SolutionConfigurationPlatforms) = preSolution
		Debug|Any CPU = Debug|Any CPU
		Release|Any CPU = Release|Any CPU
	EndGlobalSection
	GlobalSection(ProjectConfigurationPlatforms) = postSolution
		{8E951910-EB11-404D-9E6A-98316F713922}.Debug|Any CPU.ActiveCfg = Debug|Any CPU
		{8E951910-EB11-404D-9E6A-98316F713922}.Debug|Any CPU.Build.0 = Debug|Any CPU
		{8E951910-EB11-404D-9E6A-98316F713922}.Release|Any CPU.ActiveCfg = Release|Any CPU
		{8E951910-EB11-404D-9E6A-98316F713922}.Release|Any CPU.Build.0 = Release|Any CPU
	EndGlobalSection
	GlobalSection(SolutionProperties) = preSolution
		HideSolutionNode = FALSE
	EndGlobalSection
	GlobalSection(ExtensibilityGlobals) = postSolution
		SolutionGuid = {C15265D2-DB0B-4E2A-A2D3-4FA57FDBAE20}
	EndGlobalSection
EndGlobal
